// !$*UTF8*$!
{
	archiveVersion = 1;
	classes = {
	};
	objectVersion = 77;
	objects = {

/* Begin PBXContainerItemProxy section */
		6D7B9AA22D62259B005C1053 /* PBXContainerItemProxy */ = {
			isa = PBXContainerItemProxy;
			containerPortal = 6D7B9A892D622599005C1053 /* Project object */;
			proxyType = 1;
			remoteGlobalIDString = 6D7B9A902D62259A005C1053;
			remoteInfo = "voice-memo-app";
		};
		6D7B9AAC2D62259B005C1053 /* PBXContainerItemProxy */ = {
			isa = PBXContainerItemProxy;
			containerPortal = 6D7B9A892D622599005C1053 /* Project object */;
			proxyType = 1;
			remoteGlobalIDString = 6D7B9A902D62259A005C1053;
			remoteInfo = "voice-memo-app";
		};
/* End PBXContainerItemProxy section */

/* Begin PBXFileReference section */
		6D7B9A912D62259A005C1053 /* voice-memo-app.app */ = {isa = PBXFileReference; explicitFileType = wrapper.application; includeInIndex = 0; path = "voice-memo-app.app"; sourceTree = BUILT_PRODUCTS_DIR; };
		6D7B9AA12D62259B005C1053 /* voice-memo-appTests.xctest */ = {isa = PBXFileReference; explicitFileType = wrapper.cfbundle; includeInIndex = 0; path = "voice-memo-appTests.xctest"; sourceTree = BUILT_PRODUCTS_DIR; };
		6D7B9AAB2D62259B005C1053 /* voice-memo-appUITests.xctest */ = {isa = PBXFileReference; explicitFileType = wrapper.cfbundle; includeInIndex = 0; path = "voice-memo-appUITests.xctest"; sourceTree = BUILT_PRODUCTS_DIR; };
/* End PBXFileReference section */

/* Begin PBXFileSystemSynchronizedBuildFileExceptionSet section */
		6DFD87192D624B7000B5E207 /* Exceptions for "voice-memo-app" folder in "voice-memo-appTests" target */ = {
			isa = PBXFileSystemSynchronizedBuildFileExceptionSet;
			membershipExceptions = (
				Info.plist,
			);
			target = 6D7B9AA02D62259B005C1053 /* voice-memo-appTests */;
		};
		6DFD871A2D624B7000B5E207 /* Exceptions for "voice-memo-app" folder in "voice-memo-appUITests" target */ = {
			isa = PBXFileSystemSynchronizedBuildFileExceptionSet;
			membershipExceptions = (
				Info.plist,
			);
			target = 6D7B9AAA2D62259B005C1053 /* voice-memo-appUITests */;
		};
		6DFD871B2D624BA900B5E207 /* Exceptions for "voice-memo-app" folder in "voice-memo-app" target */ = {
			isa = PBXFileSystemSynchronizedBuildFileExceptionSet;
			membershipExceptions = (
				Info.plist,
			);
			target = 6D7B9A902D62259A005C1053 /* voice-memo-app */;
		};
/* End PBXFileSystemSynchronizedBuildFileExceptionSet section */

/* Begin PBXFileSystemSynchronizedRootGroup section */
		6D7B9A932D62259A005C1053 /* voice-memo-app */ = {
			isa = PBXFileSystemSynchronizedRootGroup;
			exceptions = (
				6DFD871B2D624BA900B5E207 /* Exceptions for "voice-memo-app" folder in "voice-memo-app" target */,
				6DFD87192D624B7000B5E207 /* Exceptions for "voice-memo-app" folder in "voice-memo-appTests" target */,
				6DFD871A2D624B7000B5E207 /* Exceptions for "voice-memo-app" folder in "voice-memo-appUITests" target */,
			);
			path = "voice-memo-app";
			sourceTree = "<group>";
		};
		6D7B9AA42D62259B005C1053 /* voice-memo-appTests */ = {
			isa = PBXFileSystemSynchronizedRootGroup;
			path = "voice-memo-appTests";
			sourceTree = "<group>";
		};
		6D7B9AAE2D62259B005C1053 /* voice-memo-appUITests */ = {
			isa = PBXFileSystemSynchronizedRootGroup;
			path = "voice-memo-appUITests";
			sourceTree = "<group>";
		};
/* End PBXFileSystemSynchronizedRootGroup section */

/* Begin PBXFrameworksBuildPhase section */
		6D7B9A8E2D62259A005C1053 /* Frameworks */ = {
			isa = PBXFrameworksBuildPhase;
			buildActionMask = 2147483647;
			files = (
			);
			runOnlyForDeploymentPostprocessing = 0;
		};
		6D7B9A9E2D62259B005C1053 /* Frameworks */ = {
			isa = PBXFrameworksBuildPhase;
			buildActionMask = 2147483647;
			files = (
			);
			runOnlyForDeploymentPostprocessing = 0;
		};
		6D7B9AA82D62259B005C1053 /* Frameworks */ = {
			isa = PBXFrameworksBuildPhase;
			buildActionMask = 2147483647;
			files = (
			);
			runOnlyForDeploymentPostprocessing = 0;
		};
/* End PBXFrameworksBuildPhase section */

/* Begin PBXGroup section */
		6D7B9A882D622599005C1053 = {
			isa = PBXGroup;
			children = (
				6D7B9A932D62259A005C1053 /* voice-memo-app */,
				6D7B9AA42D62259B005C1053 /* voice-memo-appTests */,
				6D7B9AAE2D62259B005C1053 /* voice-memo-appUITests */,
				6D7B9A922D62259A005C1053 /* Products */,
			);
			sourceTree = "<group>";
		};
		6D7B9A922D62259A005C1053 /* Products */ = {
			isa = PBXGroup;
			children = (
				6D7B9A912D62259A005C1053 /* voice-memo-app.app */,
				6D7B9AA12D62259B005C1053 /* voice-memo-appTests.xctest */,
				6D7B9AAB2D62259B005C1053 /* voice-memo-appUITests.xctest */,
			);
			name = Products;
			sourceTree = "<group>";
		};
/* End PBXGroup section */

/* Begin PBXNativeTarget section */
		6D7B9A902D62259A005C1053 /* voice-memo-app */ = {
			isa = PBXNativeTarget;
			buildConfigurationList = 6D7B9AB52D62259B005C1053 /* Build configuration list for PBXNativeTarget "voice-memo-app" */;
			buildPhases = (
				6D7B9A8D2D62259A005C1053 /* Sources */,
				6D7B9A8E2D62259A005C1053 /* Frameworks */,
				6D7B9A8F2D62259A005C1053 /* Resources */,
			);
			buildRules = (
			);
			dependencies = (
			);
			fileSystemSynchronizedGroups = (
				6D7B9A932D62259A005C1053 /* voice-memo-app */,
			);
			name = "voice-memo-app";
			packageProductDependencies = (
			);
			productName = "voice-memo-app";
			productReference = 6D7B9A912D62259A005C1053 /* voice-memo-app.app */;
			productType = "com.apple.product-type.application";
		};
		6D7B9AA02D62259B005C1053 /* voice-memo-appTests */ = {
			isa = PBXNativeTarget;
			buildConfigurationList = 6D7B9AB82D62259B005C1053 /* Build configuration list for PBXNativeTarget "voice-memo-appTests" */;
			buildPhases = (
				6D7B9A9D2D62259B005C1053 /* Sources */,
				6D7B9A9E2D62259B005C1053 /* Frameworks */,
				6D7B9A9F2D62259B005C1053 /* Resources */,
			);
			buildRules = (
			);
			dependencies = (
				6D7B9AA32D62259B005C1053 /* PBXTargetDependency */,
			);
			fileSystemSynchronizedGroups = (
				6D7B9AA42D62259B005C1053 /* voice-memo-appTests */,
			);
			name = "voice-memo-appTests";
			packageProductDependencies = (
			);
			productName = "voice-memo-appTests";
			productReference = 6D7B9AA12D62259B005C1053 /* voice-memo-appTests.xctest */;
			productType = "com.apple.product-type.bundle.unit-test";
		};
		6D7B9AAA2D62259B005C1053 /* voice-memo-appUITests */ = {
			isa = PBXNativeTarget;
			buildConfigurationList = 6D7B9ABB2D62259B005C1053 /* Build configuration list for PBXNativeTarget "voice-memo-appUITests" */;
			buildPhases = (
				6D7B9AA72D62259B005C1053 /* Sources */,
				6D7B9AA82D62259B005C1053 /* Frameworks */,
				6D7B9AA92D62259B005C1053 /* Resources */,
			);
			buildRules = (
			);
			dependencies = (
				6D7B9AAD2D62259B005C1053 /* PBXTargetDependency */,
			);
			fileSystemSynchronizedGroups = (
				6D7B9AAE2D62259B005C1053 /* voice-memo-appUITests */,
			);
			name = "voice-memo-appUITests";
			packageProductDependencies = (
			);
			productName = "voice-memo-appUITests";
			productReference = 6D7B9AAB2D62259B005C1053 /* voice-memo-appUITests.xctest */;
			productType = "com.apple.product-type.bundle.ui-testing";
		};
/* End PBXNativeTarget section */

/* Begin PBXProject section */
		6D7B9A892D622599005C1053 /* Project object */ = {
			isa = PBXProject;
			attributes = {
				BuildIndependentTargetsInParallel = 1;
				LastSwiftUpdateCheck = 1620;
				LastUpgradeCheck = 1620;
				TargetAttributes = {
					6D7B9A902D62259A005C1053 = {
						CreatedOnToolsVersion = 16.2;
					};
					6D7B9AA02D62259B005C1053 = {
						CreatedOnToolsVersion = 16.2;
						TestTargetID = 6D7B9A902D62259A005C1053;
					};
					6D7B9AAA2D62259B005C1053 = {
						CreatedOnToolsVersion = 16.2;
						TestTargetID = 6D7B9A902D62259A005C1053;
					};
				};
			};
			buildConfigurationList = 6D7B9A8C2D622599005C1053 /* Build configuration list for PBXProject "voice-memo-app" */;
			developmentRegion = en;
			hasScannedForEncodings = 0;
			knownRegions = (
				en,
				Base,
			);
			mainGroup = 6D7B9A882D622599005C1053;
			minimizedProjectReferenceProxies = 1;
			preferredProjectObjectVersion = 77;
			productRefGroup = 6D7B9A922D62259A005C1053 /* Products */;
			projectDirPath = "";
			projectRoot = "";
			targets = (
				6D7B9A902D62259A005C1053 /* voice-memo-app */,
				6D7B9AA02D62259B005C1053 /* voice-memo-appTests */,
				6D7B9AAA2D62259B005C1053 /* voice-memo-appUITests */,
			);
		};
/* End PBXProject section */

/* Begin PBXResourcesBuildPhase section */
		6D7B9A8F2D62259A005C1053 /* Resources */ = {
			isa = PBXResourcesBuildPhase;
			buildActionMask = 2147483647;
			files = (
			);
			runOnlyForDeploymentPostprocessing = 0;
		};
		6D7B9A9F2D62259B005C1053 /* Resources */ = {
			isa = PBXResourcesBuildPhase;
			buildActionMask = 2147483647;
			files = (
			);
			runOnlyForDeploymentPostprocessing = 0;
		};
		6D7B9AA92D62259B005C1053 /* Resources */ = {
			isa = PBXResourcesBuildPhase;
			buildActionMask = 2147483647;
			files = (
			);
			runOnlyForDeploymentPostprocessing = 0;
		};
/* End PBXResourcesBuildPhase section */

/* Begin PBXSourcesBuildPhase section */
		6D7B9A8D2D62259A005C1053 /* Sources */ = {
			isa = PBXSourcesBuildPhase;
			buildActionMask = 2147483647;
			files = (
			);
			runOnlyForDeploymentPostprocessing = 0;
		};
		6D7B9A9D2D62259B005C1053 /* Sources */ = {
			isa = PBXSourcesBuildPhase;
			buildActionMask = 2147483647;
			files = (
			);
			runOnlyForDeploymentPostprocessing = 0;
		};
		6D7B9AA72D62259B005C1053 /* Sources */ = {
			isa = PBXSourcesBuildPhase;
			buildActionMask = 2147483647;
			files = (
			);
			runOnlyForDeploymentPostprocessing = 0;
		};
/* End PBXSourcesBuildPhase section */

/* Begin PBXTargetDependency section */
		6D7B9AA32D62259B005C1053 /* PBXTargetDependency */ = {
			isa = PBXTargetDependency;
			target = 6D7B9A902D62259A005C1053 /* voice-memo-app */;
			targetProxy = 6D7B9AA22D62259B005C1053 /* PBXContainerItemProxy */;
		};
		6D7B9AAD2D62259B005C1053 /* PBXTargetDependency */ = {
			isa = PBXTargetDependency;
			target = 6D7B9A902D62259A005C1053 /* voice-memo-app */;
			targetProxy = 6D7B9AAC2D62259B005C1053 /* PBXContainerItemProxy */;
		};
/* End PBXTargetDependency section */

/* Begin XCBuildConfiguration section */
		6D7B9AB32D62259B005C1053 /* Debug */ = {
			isa = XCBuildConfiguration;
			buildSettings = {
				ALWAYS_SEARCH_USER_PATHS = NO;
				ASSETCATALOG_COMPILER_GENERATE_SWIFT_ASSET_SYMBOL_EXTENSIONS = YES;
				CLANG_ANALYZER_NONNULL = YES;
				CLANG_ANALYZER_NUMBER_OBJECT_CONVERSION = YES_AGGRESSIVE;
				CLANG_CXX_LANGUAGE_STANDARD = "gnu++20";
				CLANG_ENABLE_MODULES = YES;
				CLANG_ENABLE_OBJC_ARC = YES;
				CLANG_ENABLE_OBJC_WEAK = YES;
				CLANG_WARN_BLOCK_CAPTURE_AUTORELEASING = YES;
				CLANG_WARN_BOOL_CONVERSION = YES;
				CLANG_WARN_COMMA = YES;
				CLANG_WARN_CONSTANT_CONVERSION = YES;
				CLANG_WARN_DEPRECATED_OBJC_IMPLEMENTATIONS = YES;
				CLANG_WARN_DIRECT_OBJC_ISA_USAGE = YES_ERROR;
				CLANG_WARN_DOCUMENTATION_COMMENTS = YES;
				CLANG_WARN_EMPTY_BODY = YES;
				CLANG_WARN_ENUM_CONVERSION = YES;
				CLANG_WARN_INFINITE_RECURSION = YES;
				CLANG_WARN_INT_CONVERSION = YES;
				CLANG_WARN_NON_LITERAL_NULL_CONVERSION = YES;
				CLANG_WARN_OBJC_IMPLICIT_RETAIN_SELF = YES;
				CLANG_WARN_OBJC_LITERAL_CONVERSION = YES;
				CLANG_WARN_OBJC_ROOT_CLASS = YES_ERROR;
				CLANG_WARN_QUOTED_INCLUDE_IN_FRAMEWORK_HEADER = YES;
				CLANG_WARN_RANGE_LOOP_ANALYSIS = YES;
				CLANG_WARN_STRICT_PROTOTYPES = YES;
				CLANG_WARN_SUSPICIOUS_MOVE = YES;
				CLANG_WARN_UNGUARDED_AVAILABILITY = YES_AGGRESSIVE;
				CLANG_WARN_UNREACHABLE_CODE = YES;
				CLANG_WARN__DUPLICATE_METHOD_MATCH = YES;
				COPY_PHASE_STRIP = NO;
				DEBUG_INFORMATION_FORMAT = dwarf;
				ENABLE_STRICT_OBJC_MSGSEND = YES;
				ENABLE_TESTABILITY = YES;
				ENABLE_USER_SCRIPT_SANDBOXING = YES;
				GCC_C_LANGUAGE_STANDARD = gnu17;
				GCC_DYNAMIC_NO_PIC = NO;
				GCC_NO_COMMON_BLOCKS = YES;
				GCC_OPTIMIZATION_LEVEL = 0;
				GCC_PREPROCESSOR_DEFINITIONS = (
					"DEBUG=1",
					"$(inherited)",
				);
				GCC_WARN_64_TO_32_BIT_CONVERSION = YES;
				GCC_WARN_ABOUT_RETURN_TYPE = YES_ERROR;
				GCC_WARN_UNDECLARED_SELECTOR = YES;
				GCC_WARN_UNINITIALIZED_AUTOS = YES_AGGRESSIVE;
				GCC_WARN_UNUSED_FUNCTION = YES;
				GCC_WARN_UNUSED_VARIABLE = YES;
				IPHONEOS_DEPLOYMENT_TARGET = 18.2;
				LOCALIZATION_PREFERS_STRING_CATALOGS = YES;
				MTL_ENABLE_DEBUG_INFO = INCLUDE_SOURCE;
				MTL_FAST_MATH = YES;
				ONLY_ACTIVE_ARCH = YES;
				SDKROOT = iphoneos;
				SWIFT_ACTIVE_COMPILATION_CONDITIONS = "DEBUG $(inherited)";
				SWIFT_OPTIMIZATION_LEVEL = "-Onone";
			};
			name = Debug;
		};
		6D7B9AB42D62259B005C1053 /* Release */ = {
			isa = XCBuildConfiguration;
			buildSettings = {
				ALWAYS_SEARCH_USER_PATHS = NO;
				ASSETCATALOG_COMPILER_GENERATE_SWIFT_ASSET_SYMBOL_EXTENSIONS = YES;
				CLANG_ANALYZER_NONNULL = YES;
				CLANG_ANALYZER_NUMBER_OBJECT_CONVERSION = YES_AGGRESSIVE;
				CLANG_CXX_LANGUAGE_STANDARD = "gnu++20";
				CLANG_ENABLE_MODULES = YES;
				CLANG_ENABLE_OBJC_ARC = YES;
				CLANG_ENABLE_OBJC_WEAK = YES;
				CLANG_WARN_BLOCK_CAPTURE_AUTORELEASING = YES;
				CLANG_WARN_BOOL_CONVERSION = YES;
				CLANG_WARN_COMMA = YES;
				CLANG_WARN_CONSTANT_CONVERSION = YES;
				CLANG_WARN_DEPRECATED_OBJC_IMPLEMENTATIONS = YES;
				CLANG_WARN_DIRECT_OBJC_ISA_USAGE = YES_ERROR;
				CLANG_WARN_DOCUMENTATION_COMMENTS = YES;
				CLANG_WARN_EMPTY_BODY = YES;
				CLANG_WARN_ENUM_CONVERSION = YES;
				CLANG_WARN_INFINITE_RECURSION = YES;
				CLANG_WARN_INT_CONVERSION = YES;
				CLANG_WARN_NON_LITERAL_NULL_CONVERSION = YES;
				CLANG_WARN_OBJC_IMPLICIT_RETAIN_SELF = YES;
				CLANG_WARN_OBJC_LITERAL_CONVERSION = YES;
				CLANG_WARN_OBJC_ROOT_CLASS = YES_ERROR;
				CLANG_WARN_QUOTED_INCLUDE_IN_FRAMEWORK_HEADER = YES;
				CLANG_WARN_RANGE_LOOP_ANALYSIS = YES;
				CLANG_WARN_STRICT_PROTOTYPES = YES;
				CLANG_WARN_SUSPICIOUS_MOVE = YES;
				CLANG_WARN_UNGUARDED_AVAILABILITY = YES_AGGRESSIVE;
				CLANG_WARN_UNREACHABLE_CODE = YES;
				CLANG_WARN__DUPLICATE_METHOD_MATCH = YES;
				COPY_PHASE_STRIP = NO;
				DEBUG_INFORMATION_FORMAT = "dwarf-with-dsym";
				ENABLE_NS_ASSERTIONS = NO;
				ENABLE_STRICT_OBJC_MSGSEND = YES;
				ENABLE_USER_SCRIPT_SANDBOXING = YES;
				GCC_C_LANGUAGE_STANDARD = gnu17;
				GCC_NO_COMMON_BLOCKS = YES;
				GCC_WARN_64_TO_32_BIT_CONVERSION = YES;
				GCC_WARN_ABOUT_RETURN_TYPE = YES_ERROR;
				GCC_WARN_UNDECLARED_SELECTOR = YES;
				GCC_WARN_UNINITIALIZED_AUTOS = YES_AGGRESSIVE;
				GCC_WARN_UNUSED_FUNCTION = YES;
				GCC_WARN_UNUSED_VARIABLE = YES;
				IPHONEOS_DEPLOYMENT_TARGET = 18.2;
				LOCALIZATION_PREFERS_STRING_CATALOGS = YES;
				MTL_ENABLE_DEBUG_INFO = NO;
				MTL_FAST_MATH = YES;
				SDKROOT = iphoneos;
				SWIFT_COMPILATION_MODE = wholemodule;
				VALIDATE_PRODUCT = YES;
			};
			name = Release;
		};
		6D7B9AB62D62259B005C1053 /* Debug */ = {
			isa = XCBuildConfiguration;
			buildSettings = {
				ASSETCATALOG_COMPILER_APPICON_NAME = AppIcon;
				ASSETCATALOG_COMPILER_GLOBAL_ACCENT_COLOR_NAME = AccentColor;
				CODE_SIGN_STYLE = Automatic;
				CURRENT_PROJECT_VERSION = 1;
				DEVELOPMENT_ASSET_PATHS = "\"voice-memo-app/Preview Content\"";
				DEVELOPMENT_TEAM = 3M69HGS67Q;
				ENABLE_PREVIEWS = YES;
				GENERATE_INFOPLIST_FILE = YES;
				INFOPLIST_FILE = "voice-memo-app/Info.plist";
				INFOPLIST_KEY_UIApplicationSceneManifest_Generation = YES;
				INFOPLIST_KEY_UIApplicationSupportsIndirectInputEvents = YES;
				INFOPLIST_KEY_UILaunchScreen_Generation = YES;
				INFOPLIST_KEY_UISupportedInterfaceOrientations_iPad = "UIInterfaceOrientationPortrait UIInterfaceOrientationPortraitUpsideDown UIInterfaceOrientationLandscapeLeft UIInterfaceOrientationLandscapeRight";
				INFOPLIST_KEY_UISupportedInterfaceOrientations_iPhone = "UIInterfaceOrientationPortrait UIInterfaceOrientationLandscapeLeft UIInterfaceOrientationLandscapeRight";
				LD_RUNPATH_SEARCH_PATHS = (
					"$(inherited)",
					"@executable_path/Frameworks",
				);
				MARKETING_VERSION = 1.0;
				PRODUCT_BUNDLE_IDENTIFIER = "com.productuserfirst.voice-memo-app";
				PRODUCT_NAME = "$(TARGET_NAME)";
				SWIFT_EMIT_LOC_STRINGS = YES;
				SWIFT_VERSION = 5.0;
				TARGETED_DEVICE_FAMILY = "1,2";
			};
			name = Debug;
		};
		6D7B9AB72D62259B005C1053 /* Release */ = {
			isa = XCBuildConfiguration;
			buildSettings = {
				ASSETCATALOG_COMPILER_APPICON_NAME = AppIcon;
				ASSETCATALOG_COMPILER_GLOBAL_ACCENT_COLOR_NAME = AccentColor;
				CODE_SIGN_STYLE = Automatic;
				CURRENT_PROJECT_VERSION = 1;
				DEVELOPMENT_ASSET_PATHS = "\"voice-memo-app/Preview Content\"";
				DEVELOPMENT_TEAM = 3M69HGS67Q;
				ENABLE_PREVIEWS = YES;
				GENERATE_INFOPLIST_FILE = YES;
				INFOPLIST_FILE = "voice-memo-app/Info.plist";
				INFOPLIST_KEY_UIApplicationSceneManifest_Generation = YES;
				INFOPLIST_KEY_UIApplicationSupportsIndirectInputEvents = YES;
				INFOPLIST_KEY_UILaunchScreen_Generation = YES;
				INFOPLIST_KEY_UISupportedInterfaceOrientations_iPad = "UIInterfaceOrientationPortrait UIInterfaceOrientationPortraitUpsideDown UIInterfaceOrientationLandscapeLeft UIInterfaceOrientationLandscapeRight";
				INFOPLIST_KEY_UISupportedInterfaceOrientations_iPhone = "UIInterfaceOrientationPortrait UIInterfaceOrientationLandscapeLeft UIInterfaceOrientationLandscapeRight";
				LD_RUNPATH_SEARCH_PATHS = (
					"$(inherited)",
					"@executable_path/Frameworks",
				);
				MARKETING_VERSION = 1.0;
				PRODUCT_BUNDLE_IDENTIFIER = "com.productuserfirst.voice-memo-app";
				PRODUCT_NAME = "$(TARGET_NAME)";
				SWIFT_EMIT_LOC_STRINGS = YES;
				SWIFT_VERSION = 5.0;
				TARGETED_DEVICE_FAMILY = "1,2";
			};
			name = Release;
		};
		6D7B9AB92D62259B005C1053 /* Debug */ = {
			isa = XCBuildConfiguration;
			buildSettings = {
				BUNDLE_LOADER = "$(TEST_HOST)";
				CODE_SIGN_STYLE = Automatic;
				CURRENT_PROJECT_VERSION = 1;
				DEVELOPMENT_TEAM = 3M69HGS67Q;
				GENERATE_INFOPLIST_FILE = YES;
				IPHONEOS_DEPLOYMENT_TARGET = 18.2;
				MARKETING_VERSION = 1.0;
				PRODUCT_BUNDLE_IDENTIFIER = "com.productuserfirst.voice-memo-appTests";
				PRODUCT_NAME = "$(TARGET_NAME)";
				SWIFT_EMIT_LOC_STRINGS = NO;
				SWIFT_VERSION = 5.0;
				TARGETED_DEVICE_FAMILY = "1,2";
				TEST_HOST = "$(BUILT_PRODUCTS_DIR)/voice-memo-app.app/$(BUNDLE_EXECUTABLE_FOLDER_PATH)/voice-memo-app";
			};
			name = Debug;
		};
		6D7B9ABA2D62259B005C1053 /* Release */ = {
			isa = XCBuildConfiguration;
			buildSettings = {
				BUNDLE_LOADER = "$(TEST_HOST)";
				CODE_SIGN_STYLE = Automatic;
				CURRENT_PROJECT_VERSION = 1;
				DEVELOPMENT_TEAM = 3M69HGS67Q;
				GENERATE_INFOPLIST_FILE = YES;
				IPHONEOS_DEPLOYMENT_TARGET = 18.2;
				MARKETING_VERSION = 1.0;
				PRODUCT_BUNDLE_IDENTIFIER = "com.productuserfirst.voice-memo-appTests";
				PRODUCT_NAME = "$(TARGET_NAME)";
				SWIFT_EMIT_LOC_STRINGS = NO;
				SWIFT_VERSION = 5.0;
				TARGETED_DEVICE_FAMILY = "1,2";
				TEST_HOST = "$(BUILT_PRODUCTS_DIR)/voice-memo-app.app/$(BUNDLE_EXECUTABLE_FOLDER_PATH)/voice-memo-app";
			};
			name = Release;
		};
		6D7B9ABC2D62259B005C1053 /* Debug */ = {
			isa = XCBuildConfiguration;
			buildSettings = {
				CODE_SIGN_STYLE = Automatic;
				CURRENT_PROJECT_VERSION = 1;
				DEVELOPMENT_TEAM = 3M69HGS67Q;
				GENERATE_INFOPLIST_FILE = YES;
				MARKETING_VERSION = 1.0;
				PRODUCT_BUNDLE_IDENTIFIER = "com.productuserfirst.voice-memo-appUITests";
				PRODUCT_NAME = "$(TARGET_NAME)";
				SWIFT_EMIT_LOC_STRINGS = NO;
				SWIFT_VERSION = 5.0;
				TARGETED_DEVICE_FAMILY = "1,2";
				TEST_TARGET_NAME = "voice-memo-app";
			};
			name = Debug;
		};
		6D7B9ABD2D62259B005C1053 /* Release */ = {
			isa = XCBuildConfiguration;
			buildSettings = {
				CODE_SIGN_STYLE = Automatic;
				CURRENT_PROJECT_VERSION = 1;
				DEVELOPMENT_TEAM = 3M69HGS67Q;
				GENERATE_INFOPLIST_FILE = YES;
				MARKETING_VERSION = 1.0;
				PRODUCT_BUNDLE_IDENTIFIER = "com.productuserfirst.voice-memo-appUITests";
				PRODUCT_NAME = "$(TARGET_NAME)";
				SWIFT_EMIT_LOC_STRINGS = NO;
				SWIFT_VERSION = 5.0;
				TARGETED_DEVICE_FAMILY = "1,2";
				TEST_TARGET_NAME = "voice-memo-app";
			};
			name = Release;
		};
/* End XCBuildConfiguration section */

/* Begin XCConfigurationList section */
		6D7B9A8C2D622599005C1053 /* Build configuration list for PBXProject "voice-memo-app" */ = {
			isa = XCConfigurationList;
			buildConfigurations = (
				6D7B9AB32D62259B005C1053 /* Debug */,
				6D7B9AB42D62259B005C1053 /* Release */,
			);
			defaultConfigurationIsVisible = 0;
			defaultConfigurationName = Release;
		};
		6D7B9AB52D62259B005C1053 /* Build configuration list for PBXNativeTarget "voice-memo-app" */ = {
			isa = XCConfigurationList;
			buildConfigurations = (
				6D7B9AB62D62259B005C1053 /* Debug */,
				6D7B9AB72D62259B005C1053 /* Release */,
			);
			defaultConfigurationIsVisible = 0;
			defaultConfigurationName = Release;
		};
		6D7B9AB82D62259B005C1053 /* Build configuration list for PBXNativeTarget "voice-memo-appTests" */ = {
			isa = XCConfigurationList;
			buildConfigurations = (
				6D7B9AB92D62259B005C1053 /* Debug */,
				6D7B9ABA2D62259B005C1053 /* Release */,
			);
			defaultConfigurationIsVisible = 0;
			defaultConfigurationName = Release;
		};
		6D7B9ABB2D62259B005C1053 /* Build configuration list for PBXNativeTarget "voice-memo-appUITests" */ = {
			isa = XCConfigurationList;
			buildConfigurations = (
				6D7B9ABC2D62259B005C1053 /* Debug */,
				6D7B9ABD2D62259B005C1053 /* Release */,
			);
			defaultConfigurationIsVisible = 0;
			defaultConfigurationName = Release;
		};
/* End XCConfigurationList section */
	};
	rootObject = 6D7B9A892D622599005C1053 /* Project object */;
}
